
Microsoft Visual Studio Solution File, Format Version 12.00
# Visual Studio Version 16
VisualStudioVersion = 16.0.31729.503
MinimumVisualStudioVersion = 10.0.40219.1
Project("{FAE04EC0-301F-11D3-BF4B-00C04F79EFBC}") = "DAW", "DAW\DAW.csproj", "{C68FECF4-B48C-435B-9279-D45557170135}"
EndProject
Global
	GlobalSection(SolutionConfigurationPlatforms) = preSolution
		Debug|Any CPU = Debug|Any CPU
		Release|Any CPU = Release|Any CPU
	EndGlobalSection
	GlobalSection(ProjectConfigurationPlatforms) = postSolution
		{C68FECF4-B48C-435B-9279-D45557170135}.Debug|Any CPU.ActiveCfg = Debug|Any CPU
		{C68FECF4-B48C-435B-9279-D45557170135}.Debug|Any CPU.Build.0 = Debug|Any CPU
		{C68FECF4-B48C-435B-9279-D45557170135}.Release|Any CPU.ActiveCfg = Release|Any CPU
		{C68FECF4-B48C-435B-9279-D45557170135}.Release|Any CPU.Build.0 = Release|Any CPU
	EndGlobalSection
	GlobalSection(SolutionProperties) = preSolution
		HideSolutionNode = FALSE
	EndGlobalSection
	GlobalSection(ExtensibilityGlobals) = postSolution
		SolutionGuid = {904A955E-EE45-4206-A274-E25921B5FA09}
	EndGlobalSection
EndGlobal
